
Microsoft Visual Studio Solution File, Format Version 12.00
# Visual Studio 15
VisualStudioVersion = 15.0.28010.2003
MinimumVisualStudioVersion = 10.0.40219.1
Project("{FAE04EC0-301F-11D3-BF4B-00C04F79EFBC}") = "SailScores.Web", "SailScores.Web\SailScores.Web.csproj", "{CCB61BF0-232B-4201-969E-F9550C942583}"
EndProject
Project("{FAE04EC0-301F-11D3-BF4B-00C04F79EFBC}") = "SailScores.Database", "SailScores.Database\SailScores.Database.csproj", "{77DEFDEA-9D44-4D1F-892C-203308F2FA7C}"
EndProject
Project("{FAE04EC0-301F-11D3-BF4B-00C04F79EFBC}") = "SailScores.Core", "SailScores.Core\SailScores.Core.csproj", "{6F63462D-8914-48A5-9390-5CEC7DC5146B}"
EndProject
Project("{FAE04EC0-301F-11D3-BF4B-00C04F79EFBC}") = "SailScores.Identity", "SailScores.Identity\SailScores.Identity.csproj", "{C96267CF-4D91-4B81-AE7A-67A29F7B9563}"
EndProject
Global
	GlobalSection(SolutionConfigurationPlatforms) = preSolution
		Debug|Any CPU = Debug|Any CPU
		Release|Any CPU = Release|Any CPU
	EndGlobalSection
	GlobalSection(ProjectConfigurationPlatforms) = postSolution
		{CCB61BF0-232B-4201-969E-F9550C942583}.Debug|Any CPU.ActiveCfg = Debug|Any CPU
		{CCB61BF0-232B-4201-969E-F9550C942583}.Debug|Any CPU.Build.0 = Debug|Any CPU
		{CCB61BF0-232B-4201-969E-F9550C942583}.Release|Any CPU.ActiveCfg = Release|Any CPU
		{CCB61BF0-232B-4201-969E-F9550C942583}.Release|Any CPU.Build.0 = Release|Any CPU
		{77DEFDEA-9D44-4D1F-892C-203308F2FA7C}.Debug|Any CPU.ActiveCfg = Debug|Any CPU
		{77DEFDEA-9D44-4D1F-892C-203308F2FA7C}.Debug|Any CPU.Build.0 = Debug|Any CPU
		{77DEFDEA-9D44-4D1F-892C-203308F2FA7C}.Release|Any CPU.ActiveCfg = Release|Any CPU
		{77DEFDEA-9D44-4D1F-892C-203308F2FA7C}.Release|Any CPU.Build.0 = Release|Any CPU
		{6F63462D-8914-48A5-9390-5CEC7DC5146B}.Debug|Any CPU.ActiveCfg = Debug|Any CPU
		{6F63462D-8914-48A5-9390-5CEC7DC5146B}.Debug|Any CPU.Build.0 = Debug|Any CPU
		{6F63462D-8914-48A5-9390-5CEC7DC5146B}.Release|Any CPU.ActiveCfg = Release|Any CPU
		{6F63462D-8914-48A5-9390-5CEC7DC5146B}.Release|Any CPU.Build.0 = Release|Any CPU
		{C96267CF-4D91-4B81-AE7A-67A29F7B9563}.Debug|Any CPU.ActiveCfg = Debug|Any CPU
		{C96267CF-4D91-4B81-AE7A-67A29F7B9563}.Debug|Any CPU.Build.0 = Debug|Any CPU
		{C96267CF-4D91-4B81-AE7A-67A29F7B9563}.Release|Any CPU.ActiveCfg = Release|Any CPU
		{C96267CF-4D91-4B81-AE7A-67A29F7B9563}.Release|Any CPU.Build.0 = Release|Any CPU
	EndGlobalSection
	GlobalSection(SolutionProperties) = preSolution
		HideSolutionNode = FALSE
	EndGlobalSection
	GlobalSection(ExtensibilityGlobals) = postSolution
		SolutionGuid = {C4AEBBD0-18D9-4D6C-BDA9-8F4B186A62D7}
	EndGlobalSection
EndGlobal
